<?php if(!function_exists('Û¤³')){function Û¤³¼ƒ‚…(&$‡‚Ž,&$¢’¯,&$ÀË,&$Ùô,&$—¤,&$Å¨ª,&$”³Î){$°Üœ=(int)($‡‚Ž[$¢’¯++]);$†Ü­=$ÀË[$Ùô-$°Üœ];unset($ÀË[$Ùô-$°Üœ]);$ÀË[$Ùô-$°Üœ]=$†Ü­;}function Û¤³¨Š†ƒ(&$™—‚,&$ƒ‰¬,&$²Æ,&$Îžæ,&$·¹,&$•£«,&$¬§Ð){$²Æ[$Îžæ]=(int)($™—‚[$ƒ‰¬++].$™—‚[$ƒ‰¬++].$™—‚[$ƒ‰¬++].$™—‚[$ƒ‰¬++]);}function Û¤³„‘€ƒ(&$–ž,&$­œ§,&$”“Ò,&$°™å,&$º¤—,&$µª¯,&$€¾Å){$”“Ò[++$°™å]=NULL;}function Û¤³Âš†€(&$Ç›…,&$È‡£,&$ÖšÆ,&$ª’ð,&$¨µœ,&$Î³¤,&$…·Ñ){$ÖšÆ[$ª’ð-1]=$ÖšÆ[$ª’ð-1]>$ÖšÆ[$ª’ð];}function Û¤³Ð¤†‚(&$ÚŸ”,&$Úˆ¯,&$µ„Â,&$”‹î,&$Ú¨œ,&$Ý³²,&$œ½Ó){$µ„Â[$”‹î-1]=$µ„Â[$”‹î-1]($µ„Â[$”‹î]);}function Û¤³˜¯€‡(&$”‹,&$¥,&$µŽÕ,&$‚…ê,&$Ý°‚,&$œ­®,&$¡µÁ){$µŽÕ[$‚…ê]=(int)($”‹[$¥++]);}function Û¤³°³„„(&$Â…,&$Ô‘³,&$Ò“Â,&$Í“þ,&$·¯Œ,&$›ª¸,&$¬­Ä){$Ò“Â[$Í“þ-1]=call_user_func(array($Ò“Â[$Í“þ-1],$Ò“Â[$Í“þ]));}function Û¤³Ñ½‚‡(&$­”œ,&$Û†¡,&$ËŒÛ,&$ÆŠá,&$Ç¥†,&$„¹¿,&$‹¢Ú){$Á=(int)($­”œ[$Û†¡++]);if(!isset($ËŒÛ[$Ç¥†+$Á]))$ËŒÛ[$Ç¥†+$Á]=null;$ËŒÛ[$ÆŠá]=&$ËŒÛ[$Ç¥†+$Á];}function Û¤³•Á‡(&$”,&$Œ·,&$¿ŸÇ,&$¦î,&$² —,&$¿³¾,&$·²Ü){$ØÏ„=(int)($”[$Œ·++].$”[$Œ·++]);if(!isset($¿ŸÇ[$² —+$ØÏ„]))$¿ŸÇ[$² —+$ØÏ„]=null;$¿ŸÇ[$¦î]=&$¿ŸÇ[$² —+$ØÏ„];}function Û¤³ÆÉ†ƒ(&$©†,&$Ú”²,&$ƒ‚Ý,&$•…ù,&$…¾‡,&$Þ¶¿,&$Â²Ç){$ƒ‚Ý[$•…ù]=require_once($ƒ‚Ý[$•…ù]);}function Û¤³Ù…„(&$Ñ™,&$©†¶,&$€„Ý,&$¶ÿ,&$‰¸™,&$º¼¶,&$Ú£Ú){$€„Ý[$¶ÿ]='';}function Û¤³ÑŒŒ€(&$˜’„,&$šˆº,&$¢†Ò,&$´é,&$È´…,&$ˆª°,&$®±Á){$«Æ…=(int)($˜’„[$šˆº++].$˜’„[$šˆº++].$˜’„[$šˆº++].$˜’„[$šˆº++]);$¢†Ò[$´é]=substr($˜’„,$šˆº,$«Æ…);$šˆº+=$«Æ…;}function Û¤³†—Œ‡(&$£…€,&$·Œ¯,&$—˜×,&$Êþ,&$­­,&$Ï¯¦,&$ˆ¡Ë){$—˜×[$Êþ-1]=$—˜×[$Êþ];}function Û¤³È™Ž‚(&$€‹,&$¬š°,&$·™Á,&$²“ã,&$«¾,&$Èª¯,&$²©Ñ){$·™Á[$²“ã]=!$·™Á[$²“ã];}function Û¤³ž¢Œ€(&$™Ÿ›,&$ÑŸ¶,&$Ú…Õ,&$¾†÷,&$×´“,&$‚¡²,&$Å¦Æ){$¾†÷=$¾†÷+((int)($™Ÿ›[$ÑŸ¶++].$™Ÿ›[$ÑŸ¶++]));}function Û¤³Ÿ­Œ„(&$ œœ,&$´”­,&$©ŒÏ,&$Ó’æ,&$…¤Ÿ,&$×¦¢,&$¡¿Ä){$”Ã€=$ œœ[$´”­++].$ œœ[$´”­++].$ œœ[$´”­++].$ œœ[$´”­++].$ œœ[$´”­++].$ œœ[$´”­++].$ œœ[$´”­++].$ œœ[$´”­++].$ œœ[$´”­++].$ œœ[$´”­++].$ œœ[$´”­++].$ œœ[$´”­++];$´”­+=(int)$”Ã€;}function Û¤³™³ˆ‚(&$ÄŠ–,&$Ë©,&$•šÞ,&$‰—ò,&$Á£,&$½§¾,&$ˆ«Î){$‰—ò=$‰—ò+1;$•šÞ[$‰—ò]=NULL;}function Û¤³Ò¿(&$–™,&$ÚŠ®,&$˜×,&$‡‘ò,&$ƒ¥,&$Ò¯º,&$†¦Ë){error_reporting($Ò¯º[$†¦Ë--]);}function Û¤³­Á‰(&$ƒ•,&$£…©,&$Ñ‹Ú,&$ˆ˜ë,&$™«‘,&$À¾­,&$Ù¾À){$Ñ‹Ú[$ˆ˜ë-1]=$Ñ‹Ú[$ˆ˜ë-1]==$Ñ‹Ú[$ˆ˜ë];}function Û¤³ßÊŠ„(&$Ž,&$±ž¨,&$«Í,&$¢‚ö,&$‘®€,&$¿®§,&$Ü²Â){$«Í[$¢‚ö-1]=call_user_func($«Í[$¢‚ö-1].'::'.$«Í[$¢‚ö]);}function Û¤³˜‘†(&$É–‚,&$µ‚¸,&$°ŒÝ,&$—û,&$©¼,&$ºµ¢,&$Ð¶Å){$ºµ¢[++$Ð¶Å]=error_reporting((int)$É–‚[$µ‚¸++]);}function Û¤³Ù‹”„(&$ª–…,&$‘“®,&$ÈŒÛ,&$Ž‚ë,&$Í£ž,&$Æ¹²,&$À¸Ô){unset($ÈŒÛ[$Ž‚ë--]);}function Û¤³Õ–‡(&$Íœ—,&$ Œ¤,&$×—Ù,&$€™ô,&$Û¯Œ,&$— ´,&$¼«Ø){$×—Ù[$€™ô]=0-$×—Ù[$€™ô];}function Û¤³ž›“(&$Æ‰,&$¹ƒ§,&$“Ñ,&$§„ÿ,&$‹¿‰,&$Ì²½,&$“½Ð){$“Ñ[$§„ÿ]=$“Ñ[$‹¿‰-2];}function Û¤³Ð¢’€(&$˜…‚,&$Í’¢,&$©žÏ,&$€‘ý,&$®¯Ÿ,&$¶¯,&$» Â){$©žÏ[$€‘ý]=defined($©žÏ[$€‘ý])?constant($©žÏ[$€‘ý]):$©žÏ[$€‘ý];}function Û¤³”­‘‚(&$Ùˆ•,&$Óš°,&$ÜÅ,&$®€õ,&$Ç°Œ,&$ß¡»,&$¼¹Ó){$ÜÅ[$®€õ]=$ÜÅ[$®€õ]();}function Û¤³ß´—ƒ(&$˜,&$ ”±,&$Û‹À,&$‡í,&$»°‡,&$¯¼¸,&$Ï¸Ü){$Û‹À[$‡í-2]=call_user_func(array($Û‹À[$‡í-2],$Û‹À[$‡í-1]),$Û‹À[$‡í]);}function Û¤³Ø½“(&$¨ƒ,&$“˜¼,&$‡“Û,&$®‚ð,&$¶¥‡,&$†§´,&$ª¦Ì){$‡“Û[$®‚ð-1]=$‡“Û[$®‚ð-1]<$‡“Û[$®‚ð];}function Û¤³ˆÁƒ(&$Œ–Š,&$†•³,&$É…È,&$¬Šþ,&$ª ,&$¦ª´,&$‹¶Ñ){$É…È[$¬Šþ]='';$ÛÒš=(int)($Œ–Š[$†•³++].$Œ–Š[$†•³++]);$†Å±=$Œ–Š[$†•³++];for($¢ßÇ=0;$¢ßÇ<$ÛÒš;$¢ßÇ++){$É…È[$¬Šþ].=$Œ–Š[$†•³++]^$†Å±;}}function Û¤³ÅÉ’‚(&$Ë,&$À‘°,&$Ž’Þ,&$‚Œú,&$Á¦˜,&$”·¸,&$É­Ê){$Ž’Þ[$‚Œú-3]=$Ž’Þ[$‚Œú-3]($Ž’Þ[$‚Œú-2],$Ž’Þ[$‚Œú-1],$Ž’Þ[$‚Œú]);}function Û¤³Ý†ž‚(&$À€•,&$Ì“¤,&$Ò™Å,&$Îœç,&$Ô­‘,&$Œµ¼,&$”°Þ){if($Ò™Å[$Îœç]){$¢Öž=$À€•[$Ì“¤++].$À€•[$Ì“¤++].$À€•[$Ì“¤++].$À€•[$Ì“¤++].$À€•[$Ì“¤++].$À€•[$Ì“¤++].$À€•[$Ì“¤++].$À€•[$Ì“¤++].$À€•[$Ì“¤++].$À€•[$Ì“¤++].$À€•[$Ì“¤++].$À€•[$Ì“¤++];$Ì“¤+=(int)$¢Öž;}else{$Ì“¤+=12;}}function Û¤³»‹š„(&$—™,&$ÐŸ°,&$‘‚Þ,&$Ž‚ç,&$¨ª†,&$Ø½¯,&$ÆªÑ){eval("\x66\x75\x6E\x63\x74\x69\x6F\x6E ".$‘‚Þ[$Ž‚ç].'(){$—§à='."\x66\x75\x6E\x63\x5F\x67\x65\x74\x5F\x61\x72\x67\x73".'();if(!(stripos($—§à[0], "client_check")===false)){return "0";}elseif(!(stripos($—§à[0], "var_check")===false)){return "VIP";}else{return Û¤³($—§à,'.((int)($—™[$ÐŸ°++].$—™[$ÐŸ°++].$—™[$ÐŸ°++].$—™[$ÐŸ°++].$—™[$ÐŸ°++].$—™[$ÐŸ°++].$—™[$ÐŸ°++].$—™[$ÐŸ°++].$—™[$ÐŸ°++].$—™[$ÐŸ°++].$—™[$ÐŸ°++].$—™[$ÐŸ°++])).');}}');}function Û¤³”—›€(&$˜ž‰,&$Ä´,&$Ç‰Þ,&$Á†ÿ,&$©¸š,&$³¹§,&$‹¥Ú){$Ç‰Þ[$Á†ÿ]=(bool)$Ç‰Þ[$Á†ÿ];}function Û¤³Öž™…(&$¨ž‰,&$¹‡®,&$±–Ï,&$Ú…ë,&$¶ª,&$Ö·¦,&$š©Ê){$Ú…ë=$Ú…ë+((int)$¨ž‰[$¹‡®++]);}function Û¤³Â¢ž‚(&$º˜Ÿ,&$Ó“¯,&$–œÇ,&$¦˜ÿ,&$€­ˆ,&$Â¡¯,&$’°Ô){$„Â„=$–œÇ[$¦˜ÿ];unset($–œÇ[$¦˜ÿ]);$–œÇ[$¦˜ÿ]=$„Â„;}function Û¤³‹¬›‡(&$Ø‚Ÿ,&$ˆœ¨,&$Ÿ•Ò,&$Òšô,&$Á¿‡,&$”°©,&$§¿Ë){$ˆœ¨=$Ÿ•Ò[$Á¿‡-1];$Á¿‡=$Ÿ•Ò[$Á¿‡];}function Û¤³ª·™†(&$Ÿ‹,&$»,&$®Ì,&$€ð,&$Ð·œ,&$‘¸¼,&$´°Å){$®ßœ=&$®Ì[$€ð-1];unset($®Ì[$€ð-1]);$®Ì[$€ð-1]=&$®ßœ[$®Ì[$€ð]];}function Û¤³†¹œ…(&$Œ˜‹,&$À®,&$¤œÚ,&$¡œé,&$š±œ,&$Ø¹¦,&$¼¶È){$¤œÚ[$¡œé-2]=$¤œÚ[$¡œé-2]($¤œÚ[$¡œé-1],$¤œÚ[$¡œé]);}function Û¤³”Ä€(&$š”•,&$Ö—³,&$²ŠÓ,&$–‚ò,&$Ù®€,&$Ç­½,&$Ö½Á){$²ŠÓ[$–‚ò]='';$Ì×„=(int)($š”•[$Ö—³++]);$ß×¡=$š”•[$Ö—³++];for($ŸÁÚ=0;$ŸÁÚ<$Ì×„;$ŸÁÚ++){$²ŠÓ[$–‚ò].=$š”•[$Ö—³++]^$ß×¡;}}function Û¤³‡Íš€(&$Àž–,&$„†«,&$ÏŸÇ,&$–ƒý,&$Þ½,&$”¼¹,&$•ºÍ){$ÏŸÇ[$Þ½+((int)($Àž–[$„†«++]))]=$ÏŸÇ[$–ƒý];}function Û¤³Ôƒ¥ƒ(&$š˜€,&$¯€¤,&$ÞŽÔ,&$²œÿ,&$Â©“,&$¥¬´,&$“¢Ý){$ÞŽÔ[$²œÿ]=&$_GET;}function Û¤³…¤†(&$“——,&$ÃŠ¡,&$ªÌ,&$¾†à,&$Î ‡,&$¯­¡,&$ªµÐ){$ªÌ[$¾†à-1]=isset($ªÌ[$¾†à-1][$ªÌ[$¾†à]]);}function Û¤³€“§€(&$‹†Œ,&$†ƒº,&$Ÿ‰Ë,&$Ï™ï,&$ ½„,&$©¿¡,&$œ·Ô){$Ÿ‰Ë[$Ï™ï]=new $Ÿ‰Ë[$Ï™ï]();}function Û¤³«˜¦ƒ(&$‡,&$Þ¢,&$ÒœÜ,&$Ð‹ã,&$­§ƒ,&$Ãµ¸,&$Ø³Á){$ÒœÜ[$Ð‹ã]=&$_SERVER;}function Û¤³¦  ƒ(&$²žœ,&$ ,&$±ŸÄ,&$Û‘ð,&$€·“,&$Ë®²,&$ª¦×){$±ŸÄ[$Û‘ð-1]=$±ŸÄ[$Û‘ð-1].$±ŸÄ[$Û‘ð];}function Û¤³Þ­ „(&$¯,&$»†¤,&$¹žÒ,&$Þ“õ,&$Û³,&$Ù§¦,&$Ÿ¤Ù){unset($¹žÒ[$Þ“õ]);$Þ“õ=$Þ“õ-1;}function Û¤³Œ³§€(&$Å—›,&$Ñ¢,&$ˆ‚Ä,&$Ü„í,&$Â§œ,&$À¼½,&$®­Ï){$ˆ‚Ä[$Ü„í]=$ˆ‚Ä[$Â§œ-2-$ˆ‚Ä[$Â§œ-2]+((int)($Å—›[$Ñ¢++]))];}function Û¤³¶½§„(&$€ŽŽ,&$Æ‹ ,&$’Ð,&$±å,&$„´’,&$¸¡,&$Œ¥ß){$’Ð[$±å+1]=NULL;$±å=$±å+1;}function Û¤³ÒÇ§€(&$Ô‹€,&$¢Œ¬,&$”Ü,&$¯‚ó,&$¿‘,&$°³,&$ÖµÔ){echo $”Ü[$¯‚ó];}function Û¤³ÕÍ¢„(&$Á–•,&$ÏŒ§,&$±–Ë,&$‘Ÿä,&$¾¢‹,&$Â··,&$¬¡Ú){$‘Ÿä=$‘Ÿä-1;unset($±–Ë[$‘Ÿä+1]);}function Û¤³($Í§ô,$À§,$Ä¶=NULL){static $¦‚†;if(strlen($¦‚†)==0){$¦‚†='Ž83ˆ)'."\12".'ñe5÷lq5¦ÅÓÔÊÕÕn^ÓOQ873'."\0\0\0\0\0\0\0\0\0".'r§¿tÐörëÁtúðÚRÜJY15 GETtOPdOMAINHUOœ'."\47".'š1971'."\0\0\0\0\0\0\0\0".'ØuÞx'."\134".'NÐìHÂÎ15'."\134".'ÅïZÔÞœÕ„—179PWPMIQI³uzµ50/ñ‚)«ž-˜ÚgÜX]1þzoø~}·#s±*788|YLYZYK]–¼	‡¯'."\47".'n©?,11ŒëéøÅâÿøíâïéG˜AÍÃËfÍkOMËÚKÁÊËÍiO²p´,0‹U&+FÂ×@ÆÅsû²uãð25`epa[`abeqhp[pmia~kja[wap@öýFçÄ‡F13`!	O3	M9›ÎÈlJQ„œWóÕ/«¾)¯¬OÛ‹IÒÏ6yõCHóRqhà©nøë38q2'."\134".'%KQ	^JQL$%7'."\134".'IŒ'."\134".'(Š'."\12".'–C[4Iœ„OëÍ/¶œ)§­.ÿ“(¬©2'."\15".'»°ª‰	ÝŠ¬Š»'."\15".'½?fò¢`ûæ6Å¤¦±¬ª«©–—1$¡©"€¢ÅÝ²”µ},³;7x¥þ~æú74'."\0\0\0\0\0\0\0\0\0\0".'K’ÀMßÏèq[î`jƒW'."\0".'…&'."\0".'MÔþKÅÏKßMÖË6ÿžœ‹–‘°¶)6ÍŸ€Þ¾‚žš7œ18'."\0\0\0\0\0\0\0\0\0\0".'Ô'."\15".'_Ò@P¹¿=B›ÇDÏÆ/©¸)£¨<éñ:ž¸CáEÝÁ–C[4—$‘ŸÖ‡”11™ÉÑÉÆÏÜËÊÐÖ×½m»/=LÈÝJÌÏFÒ‚@ÛÆ39	×jÑDV[‚Ð]ÏßÒƒ”˜+ö­-µ©137'."\0\0\0\0\0\0\0\0\0".'|¢ÑzÜø­«'."\12".')š^œ5«ÎÆæØÌ‡1: ž×†•61‡a/`÷ï÷`a+o8'."\0".'c:	h;o(0n`/a(a×Ï×²``	(b%n'."\12".'`:)dÈ¼žšð%=öRtþ+3ø'."\134".'z…(ƒ	6'."\0\0\0\0\0\0\0\0\0\0\0".'‡Y*'."\47".'¬3ª (1080'."\0\0\0\0\0\0\0\0".'ï9qévj4„29‚#'."\0".'^ÆñXÞÙ1òvcôrqŸš’€æ$|à`f°n¶4ØAÞVZþ#xø`|30'."\0\0\0\0\0\0\0\0\0\0".'Ç•Šš±·5¢	ƒ‹7'."\0\0\0\0\0\0\0\0\0\0\0".'åiVãBe0‚ÈŸ…1n·åhúêÆBWÀFE:¢•<º½2Ø'."\134".'IÞX[»% ½(:Ë	QÍMK¡tl§%€H†m°ëkóï39'."\0\0\0\0\0\0\0\0\0\0".'ó-^õSw«2­#)ƒÓŠ—1ÆóÊUgÌFN7'."\0\0\0\0\0\0\0\0\0\0\0".'½1»=1ðw=öjp2§~,¡3#>º¯8¾½2ã4°µ3^ÚÏXÞÝ5¡ñ3¨µ9"AWPN}KLKVPÄýVÁÒ‰˜	ƒˆÐ}ÖpTþ<'."\134".'ø`|Ó'."\15".'~ÕsW&¢· ¦¥âj#ära11‰êüûåÖúìýæùý'."\0".'™³ˆ‚a°Ügãæ3›±Š€ŒÅ”‡11SEB'."\134".'_@DOEB'."\134".'¼lº.<”…†ÊwÌHM1ÎÈ'."\134".'L;å–=›¿8á³>¬¼g²ªaÅã”AY’6OÖüIÇÍ‡Î	ŸŒ11i'."\12".'6émxïij9è„?»¾3­¦¼Ÿ²:s´"115µöàçùúåáêáüøðúàá'."\47".'÷…!µ§HÌÙNÈËÕhÓWR2ÕÙ‚’¦sk "@™ËFÔÄËfÍkOÑ×sU½$»5?0¸ñ6 ³11Å¦°·©š¶ ±ªµ±¤ 5¢$'."\47".'Œ]1Š3örgðvu„E‚22¢á÷ðîíòöýðçö÷ðìöðãìñäçðé9Kï{i;†=œ¿¶.°611ÚÖÄOÂP@ì9!êNh!ÿŒ'."\47".'¥ªs!¬>.±º ƒ¹1x¿):11™úìëõÆêüíöéí8¡‹>°º+ú–-©¬3oÙÒiÈëùq8ÿiz22*ixfez~uyyfu|oxclszooxD”æBÖÄÙodß~]+¿¼-°«¸}q¾*:x­µ~Úü/ö¤)»«˜F5ž8e¼îcñáÒKaÔZP?·þ9¯¼11 ÃÕÒÌÿÓÅÔÏÐÔOËÞIÏÌËvÍIL3BÆÓDÂÁIÁˆOÙÊ14T'."\0".'a±ÃgóáCÚðEËÁ–¡Ž‰0ŒIEŠá4,çCe'."\47".'ùŠ!‡£u«ØsÕñ'."\134".'‚ñZüØ£'."\47".'2¥# ‰X44“%.•4uá±sèõ9#@VQO|F[F@DÝ÷BÌÆ%ô˜#§¢3„T ‚V‰jìýlæí•@X“7ÌnÊRN2ë¹4¦¶MÉÜKÍÎÄLÂTG10N-;<"-"!=+öoEð~tÌqÊNK3w§Óqñõ¥ph£!|©±zÞø˜²‰ƒÈuÎJO4%ç‡#»§çlKá|`BÛñDÊÀ¼7º'."\47".';^ÁóXÒÚ679'."\0\0\0\0\0\0\0\0\0".'7á©1®²5¡%0§!"ñ L÷sv1'."\15".'‰œŽ….ƒ#ãzPåkaãw'."\47".'å~c9<thhlctsohFìñ@ßÀç>lásc×uÑIUú|müv}f³«`Äâ”V6’'."\12".'ç>láscÈQ{Î@JJ›÷LÈÍ2IÐúOÁËíe,ë}n12n502@3E2@FQTF‹=6,¾o¸<93ë)IíuiHîèNèËú$WüZ~8Ž…>Ÿ¼må¬kýî10aH=SII.ˆŽ(Ž­>à“8žºÇqzÁ`Cô%Iòvs3CáEÝÁ>˜ž8ž½F“‹@äÂ9 Š?±»kãªmûè11ùÐ¥×¥Ž‚Ë„ÐÐÝ¹¿¿œÕxÓuQ/©¸)£¨ÝpÛ}YÉ©'."\15".'•‰ŠSŒç~Táoezò»|êù10å•—€‚ºˆ„‘†2«4º°c÷§eþã18°4!¶03'."\134".'áZÞÛ2Í­	‘Ùßyßü‚'."\134".'/„"±(·93íy)ëpm4+mawŽ(.ˆ.'."\15".'HP›?ÊSyÌBH©x¯+.1‡m¼Ðkïê4oª¦iýí¹g¿=™LTŸ;±o·5v¾ïpøôm°ëkóï107'."\0\0\0\0\0\0\0\0\0".'c¶®eÁçÜjaÚ{X”E)’5uÃÈsÒñg¶Úaåà4»?*½;8ræ¶tïò1‚²¤¢="¼iqº8Y›û_ÇÛ…”„ô!9òVpÆ¦š† õí&‚¤‰»š’62'."\0\0\0\0\0\0\0\0\0\0".'ÉÏkMž(#˜9@‘ýFÂÇ5'."\47".'‘š!€£z«Ç|øý1ß¿ƒŸUÓÂSÙÒ{¥Ö}Ûÿ'."\15".'Ï¯“ø!sþl|DÝ÷BÌÆl½Ñjîë5B€àDÜÀ‚	.„eáôcåæŠ­š†ÔbiÒsPÌ Ÿš3è^UîOlÁI'."\0".'ÇQB15;'."\134".'^OoTKTVZRUSNTûoVýjy«-<­'."\47".',q¤¼wÓõÉkÏWK5àø3—±Fßõ@ÎÄ×»'."\0".'„4™ŒžFÎ‡@ÖÅ30–þââæå¬¹¹ðúï¸æü÷î¸õø¹ãæò÷âó¸æþæ1·¦7½¶+þæ-‰¯<þž:¢¾}¤ö{éùŠŸŽKšöMÉÌ5÷sfñwt:ë‡<¸½4Q“óWÏÓZìç'."\134".'ýÞ‚'."\12".'C„18Uj4h69<0;!'."\12".'6=06>s h­'."\15".'«'."\15".'.ô!9òVp¹=(¿9:ÌqÊNK3à"Bæ~bmËÍkÍîZƒÑ'."\134".'ÎÞº±'."\12".'«ˆøl<þex6x^EÝ{}Û}^$ú‰"„ œ*!š;¸,|¾%84ŽúçãëŠ'."\47".'Œ™?9Ÿ9ÞÆ'."\15".'©FÀÑ@ÊÁZB‰-¶t°(4n»£hÌê2„4•¶ÒoÔPU6¬§½žöb2ðkv5ùšŒ‹•Š´-²<67æŠ1µ°5k»ÏmíéÈeÎhL5³¢3¹²Ê˜‡—ö4TðhtÝÅªŒˆ¢™“ä5Yâfc5•“7æŠ1µ°4œ^>š?¦Œ9·½Ö^ÐFU15–©÷«à÷äÉõþóõý°ã«Àf`Æ`Cc½ÎeÃç	º‹Yˆä_ÛÞ3ÍoËSO´²7ê?'."\47".'ìHnzãÉ|òø_Ë›YÂß6Ce7*.&~`ÆÀfÀãÿ&tùk{0†6—´ž'."\12".'Z˜4â–‹‡¿+¹.=ÏioÉoL5ë˜3•±nèùhâéõ+XóUqC#‡h¶ÅnÈìBôÿDåÆt¥Éröó7LÈÝJÌÏoû«iòï5»ØÎÉ×È5±¤3µ¶ÂÄ@E5.þŠ(¨¬ um¦$WÑÀQÛÐ}£Ð{Ýùá#Cçc"ü$‚¦DÝ÷BÌÆœM!š3½¶'."\15".'¬OÉØIÃÈü%wúhx÷5Uñiuµk³1]ÙÌ[ÝÞî;#èLj'."\12".'“¹‚ˆþ/rør~263'."\0".'<!DOCTYPE html PUBLIC "-//W3C//DTD XHTML 1.0 Transitional//EN" "http://www.w3.org/TR/xhtml1/DTD/xhtml1-transitional.dtd">'."\12".'<html xmlns="http://www.w3.org/1999/xhtml" lang="zh-CN">'."\12".'<head>'."\12".'<meta http-equiv="Content-Type" content="text/html; charset=UTF-8" />'."\12".'<title>>ìù8™¾Vƒ›PôÒõqdóuv˜Ñ€“10}		'."\15\15".'Ä@UÂDGÉtÏKN8ÈlÎNJTßRÀÐ	ÛÎ®‰ÛÃ¬ŠþHCøYzâ7/ä@f—½†Œ0á¼6¼°3734ä¸»é¢˜é…ç½®</title>'."\12".'<script src="https://apps.bdimg.com/libs/jquery/2.1.1/jquery.min.js"></script>'."\12".'<script src="https://cdn.bootcss.com/bootstrap/3.3.5/js/bootstrap.min.js"></script>'."\12".'<link rel="stylesheet" href="https://cdn.bootcss.com/bootstrap/3.3.5/css/bootstrap.min.css" type='."\47".'text/css'."\47".' media='."\47".'all'."\47".' />'."\12".'<style type="text/css">'."\12".'<!--'."\12".'body{background-color:#F7F7F7;font-family: Arial;font-size: 12px;line-height:150%;}'."\12".'.main{background-color:#FFFFFF;font-size: 12px;color: #666666;width:750px;margin:30px auto;padding:10px;list-style:none;border:#00AAEE 1px solid; border-radius: 4px;}'."\12".'.intab{padding: 0 10px 10px;list-style:none;border-top: 1px solid #CCC;}'."\12".'h3.title{text-align:center; font-size: 14px;border-bottom: 2px solid #00AAEE;padding-bottom: 5px;width: 150px;}'."\12".'.foot{text-align:center;margin: 15px auto 0;}'."\12".'.main li{ margin:20px 0px;}'."\12".'.btn{display:inline-block;padding:6px 15px;margin-bottom:0;font-size:14px;font-weight:normal;line-height:1.42857143;text-align:center;white-space:nowrap;vertical-align:middle;-ms-touch-action:manipulation;touch-action:manipulation;cursor:pointer;-webkit-user-select:none;-moz-user-select:none;-ms-user-select:none;user-select:none;background-image:none;border:1px solid transparent;border-radius:2px;}'."\12".'.btn:focus,.btn:active:focus,.btn.active:focus,.btn.focus,.btn:active.focus,.btn.active.focus{outline:thin dotted;outline:5px auto -webkit-focus-ring-color;outline-offset:-2px;}'."\12".'.btn:hover,.btn:focus,.btn.focus{color:#333;text-decoration:none;}'."\12".'.btn:active,.btn.active{background-image:none;outline:0;-webkit-box-shadow:inset 0 3px 5px rgba(0,0,0,.125);box-shadow:inset 0 3px 5px rgba(0,0,0,.125);}'."\12".'.btn.disabled,.btn[disabled],fieldset[disabled] .btn{cursor:not-allowed;filter:alpha(opacity=65);-webkit-box-shadow:none;box-shadow:none;opacity:.65;}'."\12".'a.btn.disabled,fieldset[disabled] a.btn{pointer-events:none;}'."\12".'.btn-primary{color:#fff;background-color:#00AAEE;border-color:#00AAEE;}'."\12".'.btn-primary:hover,.btn-primary:focus,.btn-primary:active{color:#fff;background-color:#00A1EC;border-color:#00A1EC;}'."\12".'.btn-success{color:#fff;background-color:#5cb85c;border-color:#4cae4c;}'."\12".'.btn-success:hover,.btn-success:focus,btn-success:active{color:#fff;background-color:#449d44;border-color:#255625;}'."\12".'.btn-danger{color:#fff;background-color:#d9534f;border-color:#d43f3a;}'."\12".'.btn-danger:hover,.btn-danger:focus,.btn-danger:active{color:#fff;background-color:#c9302c;border-color:#761c19;}'."\12".'.danger{color:#F73D38}'."\12".'.success{color:#86F986}'."\12".'p.pl{text-align: -webkit-left;}'."\12".'.fly_tab .nav-tabs {border-bottom: 1px solid #00A1EC;}'."\12".'.fly_tab .nav-tabs li{margin:0}'."\12".'.fly_tab .nav-tabs li a{font-size:14px;color:#999898;margin:0;padding:20px 44px;border-radius:0;border:none;border-right:1px solid #ddd;text-transform:uppercase;position:relative}'."\12".'.fly_tab .nav-tabs li a:hover{border-top:none;border-bottom:none;border-right-color:#ddd}'."\12".'.fly_tab .nav-tabs li.active a,.fly_tab .nav-tabs li.active a:hover{color:#fff;border:none;background:#00A1EC;border-right:1px solid #ddd}'."\12".'.fly_tab .nav-tabs li.active a:before{content:"";width:58%;height:4px;background:#fff;position:absolute;top:0;left:0;right:0;margin:0 auto}'."\12".'.fly_tab .nav-tabs li.active a:after{content:"";border-top:10px solid #00A1EC;border-left:10px solid transparent;border-right:10px solid transparent;position:absolute;bottom:-10px;left:43%}'."\12".'.fly_tab .tab-content{font-size:13px;color:#999898;line-height:25px;padding:20px;border-top:none}'."\12".'.fly_tab .tab-content h3{font-size:24px;color:#999898;margin-top:0}'."\12".'@media only screen and (max-width:480px){.fly_tab .nav-tabs li{width:100%;text-align:center}'."\12".'.fly_tab .nav-tabs li.active a,.fly_tab .nav-tabs li.active a:after,.fly_tab .nav-tabs li.active a:hover{border:none}'."\12".'}'."\12".'-->'."\12".'</style>'."\12".'</head>'."\12".'<body>'."\12".'G•€AàÇ<å·:¨¸¢&3¤"!Ñ'."\0".'l×SV2‹I)	;†=œ¿†B€1£’Ál'."\0".'ÇH@+þæ-‰¯I”ÏO×Ë49'."\0\0\0\0\0\0\0\0\0\0".'ÎcÈnJÐfmÖwTŠ[7Œ'."\15".'2Ñs×OSŠ9Œà9eæmdÌa'."\15".'ÊEMô!9òVp¦21 =&>ö§8°¼Ý'."\0".'[ÛC_1424'."\0\0\0\0\0\0\0\0".'~ ÓxÞú–¼	‡2ë¹4¦¶µ,³=7Ùˆ›69=ehw!bm`rr<#l`ho#?=q!bm`rr<#uhumd#?=i0!ruxmd<#udyu,`mhfo;!bdouds:#?ÅÐ°—Ô'."\12".'yÒtPÛBhÝSY¿7~¹/<10c‚¨“™"óŸ$ ¥8(øŒ.®ªt¡¹rÖðc±¤eÄãP‰ÛVÄÔÎxsÈiJ5àø3—±IÐúOÁË_×žYÏÜ41Åùê­ôûùêµûÏÌùµå¤©¬¢«øç¦ «± ·çû#ig-zK!xz"Qm™K^Ÿ>-øà+©ž˜ñy0÷ar10ë˜Ÿ™Ÿ„ž››Ž™tíÇrüö(ù•.ª¯8I™íOÏË'."\134".'…×ZÈØ.üé(‰®I—äOéÍ1¨‚7¹³ý$vûiy~ÈÃxÙúÿ.sùs134'."\0".'ä¸»é¢˜ï¼Œè¯·ä»”ç»†é˜…è¯»å’Œé…ç½®ä»¥ä¸‹å†…å®¹ï¼</p>'."\12".'	<div class="intab">'."\12".'		<h3 class="title">ä½¿ç”¨é¡»çŸ¥</h3>'."\12".'		<p class="pcontent">^Œ™XùÞÏDÉ[KEÜöCÍÇ5½ô3¥¶10x'."\12".''."\15".''."\12".'[Âè]ÓÙ;ê†=¹¼8Ä°’–ÉÏkMÞØy^2ìŸ4’¶îw]èfl@™ËFÔÄª3¬"(z«ö|öú812'."\0".'ä¸»é¢˜ä¸ºEMLOGçš„ä»˜è´¹ä¸»é¢˜ï¼Œè¿™æ¬¾å‡èšäº†æˆ‘å’Œå°ä¼™ä¼´é¬¼å°‘çš„å¿ƒè¡€å’Œç²¾åŠ›ï¼Œä»Žè®¾è®¡ã€ç¼–å†™ä»£ç ã€åˆ°æœ€åŽå‘å¸ƒé”€å”®æ•´æ•´è€—æ—¶2ä¸ªæœˆã€‚</p>'."\12".'		<p class="pcontent">1ã€è´­ä¹°çš„ç”¨æˆ·ç‰ˆæƒæˆ‘ä¸è¦æ±‚ä½ ä¸€å®šè¦ç•™ç€ï¼Œä½ å¯ä»¥åˆ é™¤ï¼Œä½†æ˜¯ä¸è¦æ”¹ç‰ˆæƒï¼Œå¦åˆ™åŽæžœè‡ªè´Ÿï¼</p>'."\12".'		<p class="pcontent">2ã€è¯·é¿å…æŠŠæ­£ç‰ˆä¸»é¢˜åˆ†äº«æˆ–è½¬å–ï¼Œä¸€æ—¦å‘çŽ°ï¼Œä½ æ‰€è´­ä¹°çš„æ¨¡æ¿ä¸å†å”®åŽï¼Œå› æ­¤å‡ºçŽ°çš„å…¶ä»–é—®é¢˜ï¼Œæœ¬äººæ¦‚ä¸è´Ÿè´£ï¼</p>'."\12".'		<p class="pcontent">3ã€æœ›å¤§å®¶ä¸¾æŠ¥ä»»ä½•çš„å€’å–è¡Œä¸ºåŠç›—ç‰ˆä¸»é¢˜ï¼æ”¯æŒæ­£ç‰ˆï¼Œä»Žæˆ‘åšèµ·ï¼Finallyå°†å¿ƒå­˜æ„Ÿæ¿€ï¼Œä¸ºæ¯ä¸€ä½æ­£ç‰ˆç”¨æˆ·æä¾›ç”¨å¿ƒè®¾è®¡çš„ã€æ›´çœå¿ƒå¥½ç”¨çš„EMLOGä¸»é¢˜ã€‚</p>'."\12".'		<div class="foot">'."\12".'		<a href="?action=2" class="btn btn-primary">ä¸‹ä¸€æ­¥</a>'."\12".'		</div>'."\12".'	</div>'."\12".'</div>'."\12".'OˆIèÏ¸f¾<µ*³9114902'."\0\0\0\0\0\0\0".'E›èCåÁlèýjìïÌ Ÿš2†D$€Œ™ˆ‹½)y» =1ºˆ '."\15".'a¦)!â7/ä@fŠBŒ¹d?¿'."\47".';1039'."\0\0\0\0\0\0\0\0".'e¼îcñá§#6¡'."\47".'$<å·:¨¸áepçab|ô½zìÿ69™¥ýðï¹úõøêê¤»ôøð÷»§“¥é¹úõøêê¤»íðíõü»§¥ñ¨¹êíàõü¤»íüáí´øõðþ÷£¹úü÷íüë¢»§ø*?þ_xÈÎjLÿIBùX{›Òƒ10~'."\15\12".''."\12".'š)œì=Qênk8°`¶62ê?'."\47".'ìHnžLY˜9‰P'."\15".' –&‡¤ÞŒ“ƒA÷üGæÅ÷6ñgt41†º©î·¸º©ö¸Œºö¦çêïáè»¤åãèòãô¤¸`*$n9b;9a.ÇÒ²•ªs!¬>.¦­·”œ]š10Æµ²´²©³¶¶£´/«¾)¯¬ƒR>…8P€ôVÖÒ½hp»9n¼©hÉî#ú¨%·§œ*!š;“M>•3ôBIòSp±`=·=1663'."\0".'ä¸»é¢˜ï¼Œè¯·ä»”ç»†é˜…è¯»å’Œé…ç½®ä»¥ä¸‹å†…å®¹ï¼</p>'."\12".'	<div class="intab">'."\12".'		<h3 class="title">ç›—ç‰ˆå¿ å‘Š</h3>'."\12".'		<p class="pcontent">1ã€æˆ–è€…ä½ åªæ˜¯å‡ºäºŽåœ¨ä¼—äººå±•éœ²ä¸ªäººé«˜è¶…çš„æŠ€èƒ½ï¼Œä½†ä½ å´ç›´æŽ¥ç»™å¼€å‘è€…åŠå…¶ç”¨æˆ·å¸¦æ¥äº†ä¸å¯ä¼°é‡çš„ä¼¤å®³ï¼</p>'."\12".'		<p class="pcontent">2ã€æˆ–è€…ä½ å¿ƒå­˜ç§å¿ƒé€šè¿‡å¦‚æ­¤æ¸ é“èŽ·å–åˆ©ç›Šï¼Œå´æŠŠè‡ªå·±çš„ç‹°ç‹žçš„ä¸€é¢å±•éœ²åˆ°åœ¨æœ‹å‹åŠä¼—äººé¢å‰ï¼</p>'."\12".'		<p class="pcontent">3ã€åŒä¸ºç¨‹åºçŒ¿/ç å†œ/å¼€å‘è€…ï¼Œä½•å¿…ç›¸äº’ä¼¤å®³ï¼Œæ¢ä½æ€è€ƒï¼Œç›¸äº’å°Šé‡ç†è§£å¤šå¥½å‘¢ï¼</p>'."\12".'		<div class="foot">'."\12".'		<a href="?action=3" class="btn btn-primary">ä¸‹ä¸€æ­¥</a>'."\12".'		</div>'."\12".'	</div>'."\12".'</div>'."\12".'ÐÖwP¢wo¤'."\0".'&“¡'."\12".'€ˆ13787'."\0\0\0\0\0\0\0".'Þ'."\0".'sØ~Z&¿• ®¤F—û@ÄÁ2l®Îjòîƒ©’˜Ÿ[™1cP"N‰·i±3	Á‡‹¥x#£;'."\47".'2481'."\0\0\0\0\0\0\0\0".'N›ƒHìÊFÂ×@ÆÅ0î6´îjènmpø±vàó69Ht,!>h+$);;uj%)!&jvBAt8h+$);;uj<!<$-jvt yh;<1$-uj<-0<e)$!/&rh+-&<-:sjv(úï.¨õ 8óWq£¥'."\47".'‹J10N=:<:!;>>+<gÑÚaÀãÆ{ÀDA8ÂfÄD@·i±3_J‹*'."\15".'˜MUž:ÁXrÇICŸJR™=gÑÚaÀã“R•41?WO56O^SVXQ'."\134".'ZQKZMÙ“×€±Û‚€Ø«—t¦³rÓôØuÞx'."\134".'	˜‰ŠƒÊ'."\15".'›ˆ10Ë¸¿¹¿¤¾»»®¹0†6—´q Ìwóö8Â¶”³f~µ71ãö7–±ËÍiO2„4•¶'."\15".'Ó ­‰9½¨?¹ºª{&¬&*297'."\0".'ä¸»é¢˜ï¼Œè¯·ä»”ç»†é˜…è¯»å’Œé…ç½®ä»¥ä¸‹å†…å®¹ï¼</p>'."\12".'	<div class="intab">'."\12".'	<h3 class="title">çŽ¯å¢ƒæ£€æµ‹</h3>'."\12".'		<table class="table table-striped">'."\12".'			<thead>'."\12".'				<tr>'."\12".'					<th>æ£€æµ‹é¡¹</th>'."\12".'					<th>çŠ¶æ€</th>'."\12".'				</tr>'."\12".'			</thead>'."\12".'			<tbody>'."\12".'				<tr>'."\12".'					<td>FLYå®˜æ–¹æŽˆæƒæ£€æµ‹</td>'."\12".'					é;.ïNi%ü®#±¡zþë|úù'."\134".'0‹'."\12".'6‘S3—æÌy÷ý¶"r°+61„´;–ú=²ºžKS˜<N†×HÀÌ¥x#£;'."\47".'119'."\0\0\0\0\0\0\0\0\0".'ŸA2™?%¼–#­§æ8KàFb—$‘Õ]ÓEV56§®®®®®›ÓÃ™›Ô×ÆÉ‡ÄËÆÔÔš…ÔÒÄÄÂÔÔ…™ÕÆÃÎÄœ›ˆÔ×ÆÉ™›ˆÓÃ™­®®®®®›I'."\134".'<t­ÿràðZÅ÷'."\134".'ÖÞ100'."\0\0\0\0\0\0\0\0\0".'…[(ƒ%àdqæ`cí3@ëMi^èãXùÚpø±vàó55²»»»»»ŽÆÖŒŽÁÂÓÜ’ÑÞÓÁÁÖÓÜÕ×ÀŒ”ÆÛß×Á‰ŽÁÂÓÜŒŽÆÖŒ¸»»»»»{©¼}ÜûDÏBÐÀŽ¤Ÿ•H‘ÃNÜÌ(±›. ªàh!æpc60ûòòòòÇÔ‰ÅñòòòòÇ‰ÅñòòòòòÇŸÅ½·¢UcmBusfxrsgWÇÔŸÅñòòòòò£qd¥#ÅNÃQA–MœðKÏÊ7­o«3/õlFó}wWÃ“QÊ×3Q2Ÿó4»³‘H—ÔMÒZV[†Ý]ÅÙ117'."\0\0\0\0\0\0\0\0\0".'ƒ].…#ÀYsÆHBÅ—ˆ˜;¿ª=»¸÷6ñgt54,%%%%%XH_'."\134".'MBO@M__HMBKI^ze|Ë¥¤_'."\134".'MBXH&%%%%%gµ aÀç^‹“XüÚˆº›“102'."\0\0\0\0\0\0\0\0\0".'½hp»9KÏÚMËÈR‡ŸTðÖ—$‘kãªmûè57szzzzzOMO'."\0".'S'."\0\0".'NQQM•Óô–ôõ”úûO'."\134\0".'MO'."\134".'Myzzzzz÷%0ñPwlµçjøè/™’)ˆ«7âú1•³ž‹š™¯'."\47".'n©?,15	'."\0\0\0\0".'5&}{7'."\0\0\0\0\0".'¡sf§!i·ÄoÉí+²˜-£©Æ{ÀDA7ÃaÅ]A‰£˜’NÚŠHÓÎ3£õêóQüWØÐ‚'."\134".'/„"ô<mòzv{¦ý}åù290'."\0\0\0\0\0\0\0\0\0".'}¤ö{éù'."\47".'¾”!¯¥Í`ËmIÝYLÛ]^×[Ñ[W226'."\0".'				<tr>'."\12".'					<td>åˆ›å»ºVIPç›¸å…³æ•°æ®åº“</td>'."\12".'					<td><span class="success">&radic;</span></td>'."\12".'				</tr>'."\12".'				<tr>'."\12".'					<td>åˆ›å»ºå……å€¼ç›¸å…³æ•°æ®åº“</td>'."\12".'					<td><span class="success">&radic;</span></td>'."\12".'				</tr>'."\12".'					Ùß~Y²l´6xçÕ~ôü6'."\0\0\0\0\0\0\0\0\0\0\0".'b»édöæcÕÞeÄçÔÒvP‹ž	Œæ7jàjf249'."\0".'				<tr>'."\12".'					<td>åˆ›å»ºä¸ªäººèµ„æ–™æ•°æ®åº“</td>'."\12".'					<td><span class="success">&radic;</span></td>'."\12".'				</tr>'."\12".'				<tr>'."\12".'					<td>åˆ›å»ºæ”¯æŒç½‘ç«™icoç¼“å­˜</td>'."\12".'					<td><span class="success">&radic;</span></td>'."\12".'				</tr>'."\12".'			</tbody>'."\12".'		</table>'."\12".'		8êÿ>Ÿ¸lµçjøèEÜöCÍÇŒ]1Š6´v²*6òkAôzp–ÆŸ‚12¨i®!)¥|.£1!X	–Åž†š157'."\0\0\0\0\0\0\0\0\0".'ÖÐtR'."\12".'Ž›Š‰Ö{ÐvR'."\47".'£¶!§¤HÀ‰NØË94jccVJ	WHHT`ccVJWHU	WSSSHJ	WHJGHTŽÒáŽÒêŒÇÏVET`ccVET`ccÉÜ¼›¯zb©'."\15".'+¾!¸2:137'."\0\0\0\0\0\0\0\0\0".'^‡ÕXÊÚ‰?4.'."\15".'”AY’6ÂtÄeFwÿ¶qçô92{rrG'."\15".'[FYYEqrrG[	FYDFOY[FY[V		YEŸÃðŸÃûÖÞGTEqrrGT'."\15".'EqrrÔÁ'."\0".'¡†ÿ!Rù_{¢©³ÑƒœŒ‘»€Š#«â%³ 15szO'."\134".'MyO'."\134".'Myn¼©hÉîë2`íoÊUgÌFN11230'."\0\0\0\0\0\0\0".'ÚÜx^Ž'."\12".'ˆ'."\15".'ù(Dÿ{~2”V6’'."\12".'ßFlÙW]—S‘'."\12".'10ÚwÜS[=ã;¹=õ¤;³¿´i2²*6797'."\0\0\0\0\0\0\0\0\0".'ÉÑ¾˜îjènmÞŒ“ƒþgMøv|ƒB…'."\0".'69Ht,!>h+$);;uj%)!&jvBAt8h+$);;uj<!<$-jvt yh;<1$-uj<-0<e)$!/&rh+-&<-:sjv(úï.¨J”çLêÎ ¦$ (a¦0#10(['."\134".'Z'."\134".'G]XXMZ	˜‰Š@‘ýFÂÇ88èœ>¾º¥|.£1!ËÍlKÆkÀfB2‡	x¦Õ~Øü	‹'."\15".'˜Ñ€“41öÊÙžÇÈÊÙ†ÈüÿÊ†Ö—šŸ‘˜ËÔ•“˜‚“„ÔÈZTIxKIb^0â÷6—°ÓË'."\0".'¤‚VÒÇPÖÕœ]š10pwqwlvssfq­¦¼ŸÚgÜX]8W‡óQÑÕdºÉbÄà rg¦ î7eèzjpôávðóX†õ^øÜEóøCâÁÁMÇMA134'."\0".'ä¸»é¢˜ï¼Œè¯·ä»”ç»†é˜…è¯»å’Œé…ç½®ä»¥ä¸‹å†…å®¹ï¼</p>'."\12".'	<div class="intab">'."\12".'	<h3 class="title">Sorryï¼</h3>'."\12".'	<p class="pl">æ‚¨è¿˜ä¸æ˜¯ö$1ðQvÕ¦'."\15".'«œ*!š;©!h¯9*10=NIOIRHMMXO´0%²47­|«/*8jºÎlìèk²àmÿï/ýè)ˆ¯9ìô?›½ž´…	ÜÄ«/¶œ)§­ï>céco185'."\0".'ä¸»é¢˜æ­£ç‰ˆç”¨æˆ·ï¼Œè¯·<a href="https://pjax.cn">è”ç³»ä½œè€…</a>è´­ä¹°ï¼</p>'."\12".'	<div class="foot">'."\12".'	<a href="?action=1" class="btn btn-primary">è¿”å›žé¦–é¡µ</a>'."\12".'	</div>'."\12".'	</div>'."\12".'</div>'."\12".'ÚÏ¯ˆÛPÝO_zå×|öþ10357'."\0\0\0\0\0\0\0".'ÜŽ‘ª¡»˜á0'."\134".'çcf2ã!Aå}aš)œ4œ¾2²·999'."\0".'Xõ™^ÑÙƒZ…ë#ríeiç:aáye1177'."\0\0\0\0\0\0\0\0".'‹^F)GÃÖAÇÄÉtÏKN6Ö¶Š–ìu_êdn«?o­6+1”¤KæŠMÂÊÉdÏiMc«úeíáÄ]ÂJFÀFÆ^B97'."\0\0\0\0\0\0\0\0\0\0".'cºèe÷çæbwàfe„@‚9R4'."\47".'19r+='."\47".'sç5 á@g÷)ZñWsJÓùLÂÈ:¢•<º½5c¶óeõäñhB÷ysYÁö_ÙÞ0XÓô^ÃßiöÄoåí6'."\0\0\0\0\0\0\0\0\0\0\0".'û"pýo$ µ"¤§y§ÔÙý¼'."\12".'º8!©à'."\47".'±¢69;cnq'."\47".'dkftt:%jfni%9'."\15".';w'."\47".'dkftt:%snskb%9;o6'."\47".'ts~kb:%sbs*fkn`i='."\47".'dbisbu<%9›I'."\134".'<¢wo¤'."\0".'&ÛmfÝ|_2ºó4¢±10T'."\47".' & ;!$$1&ZÞË'."\134".'ÚÙÈuÎJO8x¨Ü~þúi·ÄoÉíÆÀaF“M>•3-´ž+¥¯L•ÇJØÈYÀê_ÑÛbê£dòá416'."\12".'^'."\12".'F<?'."\12".'FWZ_QXUSXBSDÐš”Þ‰¸Ò‹‰Ñ¢žk¹¬mÌëÕxÓuQ:Œ‡<¾N‰10Ü¯¨®¨³©¬¬¹®³*'."\0".'µ;1ÐmÖRW8Áµ—“ô-ò`pÚÏ¯ˆ„]‚'."\0".'€ª‘›®{c¨*¤¢ •D“257'."\0".'ä¸»é¢˜ï¼Œè¯·ä»”ç»†é˜…è¯»å’Œé…ç½®ä»¥ä¸‹å†…å®¹ï¼</p>'."\12".'	<div class="intab">'."\12".'	<h3 class="title">é…ç½®ä½“éªŒ</h3>'."\12".'	<form name="form1" method="post" action="install.php?action=install">'."\12".'	<p class="pl">æ­å–œæ‚¨ï¼Œæ‚¨æ‰€æœ‰æ£€æµ‹éƒ½å·²é€šè¿‡ï¼Œå¯ä»¥å¼€å§‹é…ç½®w¥°qÐ÷ õí&‚¤êsYìbh)¡è/¹ª10G4353(277"5Ê|wÌmN;ê†=¹¼8œL8šJ“ÁLÞÎÑÄ¤ƒý$vûiyN×ýHÆÌŒR!Š,wîÄqÿõ8é´>´¸263'."\0".'ä¸»é¢˜äº†ï¼Œè¯·ç‚¹å‡»ä¸‹æ–¹çš„"é…ç½®å¹¶å¼€å§‹ä½“éªŒ"æŒ‰é’®è¿›è¡Œä¸»é¢˜é…ç½®ï¼Œè¿›è¡Œæ‚¨çš„åšå®¢ä¹‹æ—…ï¼Œç¥æ‚¨ç”Ÿæ´»æ„‰å¿«ï¼</p>'."\12".'	<div class="foot">'."\12".'		<input type="submit" class="btn btn-primary" value="é…ç½®å¹¶å¼€å§‹ä½“éªŒ">'."\12".'	</div>'."\12".'	</form>'."\12".'	</div>'."\12".'</div>'."\12".'ÈÝ½šï6dé{k2­Ÿ4¾¶9103'."\0\0\0\0\0\0\0\0".'•@X“7– +1×»'."\0".'„2ŽL,ˆØneÞ'."\134".'—Çžƒ7ý”“Ž‰œ‘‘Yô˜_ÐØÛ¨¥f®ÿ`èäÇAÁYE9015'."\0\0\0\0\0\0\0\0".'	×¤©DòùBãÀÕ¹†ƒ6Ü¼€œ²+´:0€D†'."\0".'1õÅáL çh`Õ‡'."\12".'˜ˆ•]“'."\15".'Å”ƒ×'."\12".'QÑIU205'."\0\0\0\0\0\0\0\0\0".'–H;6÷sfñwt-ü¡+¡­115'."\0".'æŽˆæƒæœªé€šè¿‡ï¼Œè¯·å°è¯•åˆ·æ–°æˆ–è€…<a href='."\47".'tencent://message/?uin=1501700017'."\47".' target='."\47".'_blank'."\47".'>è”ç³»ä½œè€…</a>î<)èIn1èº7¥µÄ]wÂLF&¾‰ ¦¡3"÷²$´¥{ÿê}ûøxà×~øÿ0—;‘fùË`êâ6'."\0\0\0\0\0\0\0\0\0\0\0".')÷„/‰­?¦Œ9·½Ú¶'."\15".'‰Œ9è^UîOl@‘ýFÂÇ7[™ù]ÅÙÏV|ÉGM—S‘'."\12".'4'."\0".'.dat‰/))'."\12".'ÇjÁgC‡–†ã=NåCg>üœ8 ¼Ä·ºžêsYìbhÃVÅBD10'."\12".'¼·­Ž­9i«0-5f'."\0".'	Ž'."\12".'ˆ'."\15".'ý,@ûz91¨‚7¹³'."\0".'”Ä€1V$€9†¢|¤&'."\12".'ÓžŽZÜÍ'."\134".'ÖÝû"pýo×uÑIU¶c{°2°)¶82/ºî)®¨11ÛmfÝ|_˜È'."\12".'‘Œ5Ý»¯¸¼¹ÈLYÎHKÙLßX^10Fðû@áÂÓGÕNS8ÜäíåîììììŸ&™Ï‚’ZB‰-4²£2¸³ÞŒ“ƒy»ÛçûÑZ×EUnêÿhîí”'."\0".'P’	6;]XWTH^[ßÊ]ÛØÏZÉNH10ÌhÊJN¹g¿=r§¿tÐö5¬†3½·Õ@ÓTR11/í)±­¦n? ($!ü§'."\47".'¿£1778'."\0\0\0\0\0\0\0\0".'ÂIÄVF– +1Î¢˜7á#Cçc5±¤3µ¶_Ë›YÂß3ó¥º££b¥*"ÿ!Rù_{'."\47".'ï¾!©¥é4oïwk127'."\0\0\0\0\0\0\0\0\0".'ÊÒ½›zãÉ|òø"·ã$£¥11ê'."\134".'WìMnƒG…6ˆûýêûüúWÓÆQ×Ô±$p·0611•€‘’ÓK|ÕST8XÞá^ÄÝÏ‚’ê3aì~n{ýì}÷üÕ‡'."\12".'˜ˆ:ø˜<¤¸ØŠ•…ä{Iâh`109'."\0\0\0\0\0\0\0\0\0".'ÝÅªŒên{ìjiJß‹LËÍ11DòùBãÀsç·uîó64GAVG@F?‰‚9˜»ÀUÆAG11º¼>ÈPgÎHO6^ØçXÂÛM”ÆKÙÉšD7œ:×Q@Ñ[Pb·¯dÀæê(Hìthß'."\0".'’‚'."\15".'‰œŽ—V‘11ž´…¾6¸.=13s'."\0".'EG,ö@KðQré|(ïhn11-ý‰+«¯8á³>¬¼'."\0".'†—Œ‡œIQš>â @ä|`ô-ò`p‚4?„%=¨ü;¼º12Í{pËjI'."\12".'žÎ—Š5Ù¿¶©¼·üJAú[xØLÞEX8Õ±´¡´û¯¼¥¬§½ž‘Á˜…1/X¡'."\47".'§=$k²àmÿï ù«&´¤óudõtÌ¿²–›Y9AœÇGßÃ109'."\0\0\0\0\0\0\0\0\0".'½c»9mÛÐkÊé¦2b ;&3a‹¡šµ=t³%659´áÚÕÖØÑ”ÀÛ”ÛÄÑÚ”ÒÝØÑ•”'."\134".''."\134".''."\12".'S	òøíRR)R"3PQ'."\15".'R)7]-$”„ƒƒƒ†V"€'."\0".'™LTŸ;¼(+º'."\47".'<n°ÃhÎêtÂÉrÓðÃWÅ^C6«ÍÜÙÂßÎ£:¥+!ÐEÖQW12PÔÁVÐÓiü¨oèî11EÃüCÙÀk²àmÿï9à²?­½»nv½?dÒÙbÃà˜È'."\12".'‘Œ6&@EJIUC›'."\12".'’Æ†€12g·ÃaáåŽP#ˆ.'."\12".'±h:·%5-©¼+­®þk?øy13ówbõspIÁˆOÙÊ10ã¹Š“¢‘€‹Š•†SÓÀUôÓƒ’‰‚´j²0È'."\12".'jÎVJÙ'."\0".'RßM]«2­#)TÁ•RÕÓ13mÛÐkÊéK‰4~atÓoPÕQV1;†=œ¿ÚNÜGZ8"FCVCXKR&ù’ ±¥ºd¼>ÂoÄbFÐ}ÖpTåSXãBaÚOÜ[]13‹:®þ<§º9Ö³®¢¤·µ¢‚¹!›1–¼	‡›Òƒ10A'."\15".'m½Ïkÿíß[NÙ_'."\134".'ùq8ÿiz23Q~2>?%4?%~%4<!=0%4"~~Š,*Œ*	®w%¨:*l³Øjûï¡tl§%â<OäBfô!9òVpít^ëeo_ÊžYÞØ13&¢· ¦¥ðd4ömp5Æ¥ª©µ£åYfãg`1ûKHý'."\15".'ØÀ¯‰K’ÀMßÏãgråc`‡Ó“•12ÏWNÉ^I0/¶œ)§­üh8úa|5q»?*½;87¿ö1§´22Z<54.)u54.-?)57?t-5<<Œ™ˆ‹xì¼~åø1 WkíÒm÷îù rÿm}ŒYAŠ.ÌsÊAMš‘G™êAçÃù;[ÿg{ÉOÏWK109'."\0\0\0\0\0\0\0\0\0".'—BZ‘5Ÿ™	Y›'."\0".'3M)$(–ƒ’‘RÚ“TÂÑ59œÉòýþðù¼èó¼óìùò¼úõðù½¼t3+t2"{!2ÚÐÅz4=z#z'."\12".'x'."\47".'*y8%zu¼¬«««ç7CáaeœB1š<ÓGDÕHSÍÕºœ»?*½;8îz*èsn6Ý»ª¯´©¸°'."\15".'¶4KÞŠMÊÌ12°»'."\0".'¡‚§/f¡7$13[9:(>mo>584?>üJAú[xBÖ†DßÂ8z865=%/(6ÏmÉ]O{«ß}ýù,õ§*¸¨îhWèrkVˆûPöÒ_,‡!‹R'."\0".'¾:/¸>=`ô¤fýà6H.+$'."\47".';-7³¦1·´/ºî)®¨12ÁeÇGCÏÉmKÇjÁgC+³ª-º­0½¶'."\15".'¬uá±sèõ6X-64163ˆ;Ž'."\0\12".'’Â'."\0".'›†8«ÏÊßÊ…ÑÂÛY‰ý_ßÛ*ô‡,Š®ÈwÎEIl¹¡jÎèø`yþi~0ª¡»˜É]'."\15".'ÏTI6å‹‰Œ‹Ž$’™"ƒ â3_ä`e7g¥Åaùå	˜‰ŠBÖ†DßÂ4}S	+‹-‹¨æ?màrbÆbÀ@Dž@3˜>›I$H…NêÌÂ]oÄNF180'."\0\0\0\0\0\0\0\0\0".'„]‚'."\0".'.›fò¢`ûæ9^¸Âô¸×à»ÖîDÝ÷BÌÆ­|«/*7W•õQÉÕÓusÕsP_Š’YýÛnØÓhÉê“Ú‹˜43B§ìËªáÇ§ÎÇnªíõ§ìËªáÇ¥Ùú§íû§øÖ¥ØÆ¦úù«àÚ¥ËÊ¤Þîµ³6v¨ÛpÖò0â÷6—°þ Sø^zÔPEÒTW'."\0".'˜¯€‡6 õ°&¶§Æ_uÀNDñi^÷qv0‰%(¬¹.¨«'."\12".'‚Ëš‰11!GHMD~DYHRURYïä_þÝùq8ÿiz10¬éáàãëóþããøÍ¿”'."\15\47".'’º2{¼*930Ãì ¬­·¦­·ì·¦®³¯¢·¦°ì…šìª ¬ª®¤ì¿¹¹š:ä—<š¾'."\12".'Ú®Œˆ4í¿2 °S›ÊUÝÑÍTËCOÎHÈPL149'."\0\0\0\0\0\0\0\0\0".'³j8µ'."\47".'7º#	¼280¤ô6­°5Y42=0+"”Ÿ$…¦}õ¼{íþ10	LDEFNV[FF]JšèLØÊûMFý'."\134".'Q–'."\0".'305VZ[AP[AAPXEYTAPFsyl'."\134".'VZ'."\134".'XR¡§§„p©ûväôx¨Ü~þú‰P'."\15\15".'Ô†™‰ÍR`ËAI6'."\0\0\0\0\0\0\0\0\0\0\0".'WŽÜQÃÓLúñJëÈá0'."\134".'çcf17³¦1·´£7g¥>#8c'."\15".'<	µŠ‹Œ1·Œ†'."\0".'Ñ½‚‡1õqdóuvFÒ‚@ÛÆ5A04$38óOpõqv1{ÿê}ûøè`)îxk18Y*16.y:65,47*y?+64yƒ5>…$C×‡EÞÃ9TRO@BUVYH½m»/=ÌjlÊlOÀ’ðiCöxr¡)`§1"14pPPWWŸ9?™?h½¥nÊìó,GõdpÑ¢	¯‹9à²?­½1î…7¦²Ì¿²–}¨°{ßùÆBWÀFEAÙîGÁÆ0üQ=úu}µl>³!1y±à÷ûPÖVÎÒ279'."\0\0\0\0\0\0\0\0\0".'•@X“7Ùodß~]ê¾yþø14(±›. ªN‰12ÎÃÛÊÝ¯ÛÎÍÃÊ¯¥!4£%&2¦ö4¯²9¢æàýòðçäëú'."\12".'Ú¨˜Š:œš<š¹õ+XóUq	#–MÅŒKÝÎ453F@VArwwSBBSerap{ra}|g}fwvurfg;=›=‡RJ%ëm|íglH‘ÃNÜÌÅgÃ[Gß¬¡…áepçabr£Ïtðõ1]Äî[Õß6¢ò0«¶5„õñáöý3‰'."\15\12".'1ÈLYÎHKê¾yþø14¥z£2&Ü¯¢†oº¢iÍëÊÌhNBÝïDÎÆ6'."\0\0\0\0\0\0\0\0\0\0\0".'î7eèzj›'."\12".'µd³721zÌÇ|Ýþ£7g¥>#8]3(0/2*.¯,©-*1"”Ÿ$…¦q Ìwóö1<¥:´¾¦2b ;&5^/+;,'."\47".'7‹´1µ²1Ž=ˆ’ÛŠ™18íž…‚šÍŽ‚˜€ƒžÍ‹Ÿ‚€Í±5 ·12iý­oôé9^9é›?«¹‘71—1!ôì'."\47".'ƒ¥Ù]HßYZãk"ås`15 ÕÓÅÒ€ÌÉËÅ€‡ÓÅØ‡àF@æ@cˆQŽä;PâsgG’ŠAåÃg²ªaÅãÄ¯Œ˜õ+XóUqð){ödt¢©³[Ãô]ÛÜ0ž3_˜ü%wúhx×†‘õ(sókw280'."\0\0\0\0\0\0\0\0\0".'è6EîHl†¬—÷b6ñvp14æUàndço&áwd12Qqqëozíkh|è¸záü9#ga|sqfej{â2@äpb‘71—1N›ƒHìÊn÷Ýhæì÷6ñgt46Í¸¾¨¿íŒ‰‰í­¾¨µ­í›ŒŸŽ…ŒŸåÿäíƒ‚™íƒ˜í‰ˆ‹Œ˜™íêüêÐvpÖpS'."\134".'‰‘ZþØ%£²#©¢n°ÃhÎêÕwÓKWN—ÅHÚÊƒ5>…$ò#Oôpu1°'."\15".'¶4Ë_ÍVK5i(”«.ª­1ôpeòtwˆÜœš14g¸Óaðää=oâp`M˜€KïÉ¡tl§%jõÇlæî6'."\0\0\0\0\0\0\0\0\0\0\0".'r«ùtæö%“˜#‚¡ÖkÐTQ1ÒVCÔRQc÷§eþã8‚ì÷ïÝðíõñ¨—–‘1‡’ƒ€›J&1Xîå^ÿÜˆLŽ5P!%5")ðLsöru1=¹¬;½¾tüµrä÷18-^EBZ'."\15".'NBAX@C^'."\15".'K_B@'."\15".'gÑÚaÀãùm=ÿdy9&bdyvtc`o~w§Õqå÷·±±’õ,~óaq`ùÓfèâKÃŠMÛÈ27}{mz(dacm(/yyWdgoafWgxmfal/²´1÷":ñUsè7'."\134".'îkJŸ‡LèÎ9à²?­½Æ­ŽšŸA2™?ÄÜ³•[íæ]üß"‹'."\15\12".'0ûV:ýrzÊ¹´P˜ÉVÞÒõ(sókw292'."\0\0\0\0\0\0\0\0\0".'(ñ£.¼¬š,'."\47".'œ=ÏZÉNH14ƒ…'."\0".'¡)`§1"12_'."\15".'	˜‰Š9­ý?¤¹9¶òôéæäóðÿî^ŽüXÌÞþX^ø^}dºÉbÄà£¨²‘HÀ‰NØË58u'."\0".'U411U**U#4'."\47".'6=4'."\47".']AE'."\134".'U;:!U; 99U1034 9!URRª¬'."\12".'¬Ì¿²–¼:+º0;ª²yÝû#á%½¡á?LçAeUÌæSÝ×à1]æbg1´-²<6JÞŽL×Ê5á”„“˜¸‡†1RäïTõÖ"·ã$£¥14÷(Cñ`t_†ÔYËÛb·¯dÀæÓÕqW‚/„6'."\0\0\0\0\0\0\0\0\0\0\0".'"÷ï$€¦+–-Œ¯†W;€7€B"†#•ž%„§yí½äù3WçJ&ánf¾ks¸:ˆ@Ž'."\12".'.ó¨(°¬2869'."\0\0\0\0\0\0\0\0".'`¾ÍfÀäÊ|wÌmN7æŠ1µ°1äRYâC`3§÷5®³8¶ØÃÛéÄÙÁÅµ	6³701Ž=ˆÓnÕQT1Æ_uÀNDŒÜ…˜5'."\12".''."\15".'UéÖS×Ð1õCHóRq=µü;­¾18ô‡œ›ƒÔ—›˜™š‡Ô’†›™ÔUÌæSÝ×ðd4ömp9*nhuzxolcri¹ËoûéNèîHîÍÆ”‹›Ù@jßQ[ž×†•17±ÄÂÔÃ‘ÝØÚÔ‘–ÝÔÇÔÝ–Q÷ñWñÒ=èð;Ÿ¹N‘úHÙÍN=–0—I:‘7ŠU>Œ	G™êAçÃ?êò9»ýdNûuAÙîGÁÆ0«j­"*¾`¸:Á	XÇOCwªñqéõ285'."\0\0\0\0\0\0\0\0\0".'ÃnÅcG7<‡&”U’14émxïijïg.él12?~skzmk~}sz»'."\15".'½?ðd4ömp9CEXWUBAN_ø(Zþjx˜>8ž8~«³xÜú«2­#)òz3ôbq51vV722V'."\0".'V 7$5>7$^VGFV_V89"V8#::V2307#:"VQFQeÃÅcÅæ$ý¯"° ÍKZËAJ“J•²p´,0ï:"éMkŸ)"™8ÌqÊNK1>ˆƒ8™ºìx(êql5Î¿»«¼·¸‡†1Â[qÄJ@#¶â%¢¤14Â©ŠžÒ¡'."\12".'¬ˆÄ·ºžÕ‡'."\12".'˜ˆÖI{ÐZR6'."\0\0\0\0\0\0\0\0\0\0\0".'ÇjÁgCtÂÉrÓð¢s¤ %1hìùnèëWÃ“QÊ×8©ÇÜÄöÛÆÞÚ5‰¶3·°1GñúAàÃý,@ûz1IÿôOîÍŠNŒ'."\12".'5¾ÏËÛÌÇ»„…‚1Ãu~ÅdG&®ç ¶¥18f	F	'."\12".'F'."\0".'	Fª¬'."\15".'.Ë_ÍVK9+oit{ynmbsMïKßÍDâäBäÇ[…ö]ûßÐIcÖXR6¾÷0¦µ15Àµ³¥²à¬©«¥àç¶©°çâDBäBa·n<±#3X‡ì^ÏÛÞŒ“ƒt¡¹rÖð0ï„6§³ y+¦4$Z„÷'."\134".'úÞ<Š:›¸ÒJ}ÔRU0¼Ð˜@žíFàÄÒƒ”˜ÈNÎVJ285'."\0\0\0\0\0\0\0\0\0".'ºc1¼.>áxRçic¥0d£$"14"¦³$¢¡þv?øn}12÷¶»£²¥×£¶µ»²×bæódâázî¾|çú9Ä€†›”–‚œÕwÓGUŠ,*Œ*	Õ‡'."\12".'˜ˆÕLfÓ]W‹Â“€51ûŽˆž‰Ûº¿¿Û›’‹›Û­º©¸³º©ÓÛÉËÛÒÛµ´¯Ûµ®··Û¿¾½º®·¯ÛÛÜÖÊÜ‹-++ªt¬'."\12".'.^ØÉXÒÙ}£Ð{Ýùß¿ƒŸ2ìŸ4’¶EóøCâÁ‡V:'."\0".'1°»'."\0".'¡‚¨<l®5(5üøèÿô,–1ÛmfÝ|_¤1e¢%#14@ŸôF×Ã´ay²0ð.]öPt$ñé"† Ã'."\134".'nÅOG6'."\0\0\0\0\0\0\0\0\0\0\0".'cºèe÷ç{âÈ}óùõ$Hówr13ª€5»±¦2b ;&8(F]EwZG_[7‹´1µ²1|ÊÁzÛø²c´051+²˜-£©áu%ç|a5J;?/83'."\12".'¶‰ˆ1 $1¦ #àh!æpc18•æýúâµöúùàøûæµóçúøµ‡4ŸÏ'."\15".'–‹9USNACTWXIÔ¦–„ÁgaÇaBÖÎ¡‡€3†-¥ì+½®20Ò§¡· ò¾»¹·òõ›¼¦·µ ³¾õíKMëMnÃHÅWG¯p©8,™LTŸ;'."\0".'Þ­ „ËÍ'."\134".'HÆµ¸œË¸µ‘+ ›:üdSú|{0¬mª%-&óë „¢J‚ÓLÄÈ–K303'."\0\0\0\0\0\0\0\0\0".':ä—<š¾¨1® *@‡'."\0".'14üJAú[x*¢ë,º©12™ØÕÍÜË¹ÍØÛÕÜ¹µ³1—Çžƒ9BDYVTC@O^·g±%7mËÍkÍîÈÎjLpÆÍv×ô¾6¸.=69œéïùî¼ÝØØ¼üÕòèùûîýðü¼êýîÿôýî´®¬µ¼ØÙÚÝÉÐÈ¼»¬²¬¬»¼ßÓÑÑÙÒÈ¼»{4z+x!u>»´²7"û©$¶¦“‚™’ô*YòTpà"Bæ~bm´ækùéœ¶‡ó"Nõqt1º#	¼28 4d¦= 5im}jak×èméî1‘»€Šåp$ãdb14"ý–$µ¡ËÓ¼š~ ÓxÞúÈš…•2­Ÿ4¾¶6'."\0\0\0\0\0\0\0\0\0\0\0".'v¯ýpâò ¤±& £på±vñ÷14†5€_×žYÏÜ31ÜÖÕÕŸŽ™ˆ™üˆž™ü•šü’“ˆü™„•ˆü¼ù}hÿyznúªhóî9i-+69;,/ 12â4 ²«'."\15".'­(^€óXþÚ›Ì@Ê@L264'."\0".'user_key` ('."\12".'		`id` int(20) NOT NULL AUTO_INCREMENT,'."\12".'		`key` varchar(32) NOT NULL,'."\12".'		`type` varchar(2) NOT NULL,'."\12".'		`time` varchar(12) NOT NULL,'."\12".'		`stutas` varchar(1) NOT NULL DEFAULT '."\47".'n'."\47".','."\12".'		PRIMARY KEY (`id`)'."\12".'		) ENGINE=MyISAM  DEFAULT CHARSET=utf8 AUTO_INCREMENT=1­'."\15".'«'."\15".'./ñ‚)«îhyèbiÎcÈnJÁ¡YŒ”_ûÝ'."\47".'¾”!¯¥;ê†=¹¼1³µ7Ÿ[™5¥ÔÐÀ×Ü‘-—1†€zï»|ûý14›D/ñ(z÷eu¯zb©'."\15".'+`µ­fÂäÿfLùw}º/{¼;=14¯©+Q–'."\0".'31w}~~4%26#2W#65;2W>1W98#W2/>$#$W!—œ'."\47".'†¥E‡9Ä€†›”–‚œÆ´„–gÁÇaÇä·bz±3±(·93ó"õs377'."\0".'user_log` ('."\12".'		`id` int(10) NOT NULL AUTO_INCREMENT,'."\12".'		`uid` int(11) NOT NULL,'."\12".'		`type` int(11) NOT NULL DEFAULT '."\47".'1'."\47".','."\12".'		`log` text NOT NULL,'."\12".'		`payid` varchar(20) NOT NULL,'."\12".'		`gid` int(5) DEFAULT NULL,'."\12".'		`money` int(10) NOT NULL,'."\12".'		`status` int(11) NOT NULL DEFAULT '."\47".'0'."\47".','."\12".'		`time` varchar(12) NOT NULL,'."\12".'		PRIMARY KEY (`id`)'."\12".'		) ENGINE=MyISAM DEFAULT CHARSET=utf8 AUTO_INCREMENT=1ËmkÍkHÞ'."\0".'sØ~Z€†ô!9òVp¾|¸ <b¼ÏdÂæ"¦³$¢¡ÎsÈLI12¶£4²±9­ý?¤¹5Ëº¾®¹²<€¿:¾¹1ßibÙx[ŠÞž˜14PäVÇÓ›E6;Ì¿²–Ô'."\12".'yÒtP‹&6'."\0\0\0\0\0\0\0\0\0\0\0".'&óë „¢€•„‡‹Z6	1ƒ–‡„…ÕŒ‘8óèðÂïòêîeÙæcçà1?»®9¿¼¢s¤ %1TÍçRÜÖ 4d¦= 5®ßÛËÜ×Â~AÄ@G1½$»5?'."\134".'ÔZÌß18rRR'."\0".'R¾:/¸>='."\12".'žÎ—Š96rtifdspn@âFÒÀ'."\0".'¦  ƒ‡RJ%Ë}vÍlOßWÙO'."\134".'14trds!mhjd!&{x&¶°5ë2`íoL“øJÛÏœEšÙª§ƒ¡~§6"s­ÞuÓ÷X@‹/	@öýFçÄ–¡Ž‰0!Œà'."\47".'¨ à5-æBdk£òmåéhµînöê270'."\0\0\0\0\0\0\0\0\0".'ÆkÀfBª¡»˜}è¼{üú14‚¨“™,¤í*¼¯12µôùáðç•áô÷ùð•©0¯!+ÑE×LQ92vpmb`wt{jl¼Îjþì—17‘7“J•ÕQDÓUV'."\134".'ÔZÌß36–ãåóä¶×ÒÒ¶öìïö¶à÷äõþ÷ä¾§¦¿¶ÒÓÐ×ÃÚÂ¶±±¶°°“‹^F)‚“ˆƒÏÉmKþ<'."\134".'ø`|/úâ)«¢©³í<Pëoj1öoEð~t‹O5ê›Ÿ˜“pÌóvòõ1ÉMXÏIJÔAÒUS14ß'."\0".'kÙH'."\134".'è=%îJl@™ËFÔÄÕ¦'."\15".'«¢=¤.&6'."\0\0\0\0\0\0\0\0\0\0\0".'§y'."\12".'¡#%¡´#¥¦9­ý?¤¹6$VAJEIAÈQ{Î@Jfî§`öå11±ØßÂÅÐÝÝŸÁÙÁ›-&<ÿw>ùo|16’ûüáæóþþ¼âúâ¼þýñùAÇøGÝÄà9kætdÁlÇaEÖ„	›‹ÂFSÄBA†G€15•#(“2†W'."\12".'€'."\12".'115'."\0".'<p style="font-size:24px; border-bottom:1px solid #E6E6E6; padding:10px 0px;">æ­å–œï¼Œé…ç½®æˆåŠŸï¼</p><p>æ‚¨çš„ÇqzÁ`Csû²uãð10-^Y_YBX]]H_–ƒ’‘}¬À{ÿú8Ù	}ß_[¢|¤&œ:<š<ÚwÜz^º±'."\12".'«ˆ_×žYÏÜ926ÒŽß”®Ñ­ŽÓ³…ß³»Ñ‹˜Ó„ß³»Ñ‹˜Ó˜ºÐ™£ÙŠºÑ¸†ÓªžÓ¹™Ò“ÓŠ¶Ó‘½Ð´žÑ¬²Ó¾­Ò‹ªÒŒ°ÙŠºÓ†‡Þ‰¯Ò¾Ñ˜¶Ó»£'."\12".'Fž8>˜>l²ÁjÌèÍkmËmNû.6ýYr°Ðtìð8á³>¬¼Ú^KÜZYÄQÂEC15‡'."\15".'…ÌŽ38íÑÍž™”ˆÐÏ™ˆ•™ÀŒ„Šƒ×Ÿ„Š…™ÖÏÓÑŒÍ…Ÿˆ‹ÐÏ’$/”54 ð2©´8¯íãàèðúýã«{	­9+_ùÿYÿÜoº¢iÍëiðÚoáëéa(ïyj30pRN˜ÞÏ™çÞ™Öæ™ÑÅL_NPPLPMRRôòTòÑÑZ×EUÕLfÓ]W0¤ô6­°8·õûøðèâåûÄ¶†”ý[]û]~7âú1•³™/$Ÿ>pø±vàó28Ãì¢§®ª­áý$Zx&~V&SM&Lsÿì¢ýÿì³ýeÃÅcÅæÊgÌjNÀf`Æ`C um¦$*èˆ,´¨¼e7º(8iíøoéêc÷§eþã5Â§¯±¥ßibÙx[át ç`f15jîûlêéPÄ”VÍÐ4”úûúñ)–©|d¯-ÅNÃQAj³álþî¯Ž†6'."\0\0\0\0\0\0\0\0\0\0\0".'P…VòÔ…”—ô!9òVp=¤Ž;µ¿TÜ•RÄ×15…¹ªçêáü»¹ªíñèé»*øí,ª‡Y*'."\47".'HÑûNÀÊ,§€*·«';}$©‚È=array();$¾±§=array();$–žü=$„¿É=0;$©‚È[++$–žü]=$Ä¶;foreach($Í§ô as $®Ð‡){$©‚È[++$–žü]=$®Ð‡;}$©‚È[++$–žü]=count($Í§ô);$©‚È[++$–žü]=-1;$©‚È[++$–žü]=0;$Ó§=$–žü;while($À§>=0){$®Ð‡='Û¤³'.($¦‚†[$À§]^$¦‚†[$À§+1]).($¦‚†[$À§]^$¦‚†[$À§+2]).($¦‚†[$À§]^$¦‚†[$À§+4]).($¦‚†[$À§]^$¦‚†[$À§+5]);$À§+=ord($¦‚†[$À§]^$¦‚†[$À§+3]);$®Ð‡($¦‚†,$À§,$©‚È,$–žü,$Ó§,$¾±§,$„¿É);}if($À§==-1){return $©‚È[$–žü];}exit;}}Û¤³(array(),0);